Microsoft Visual Studio Solution File, Format Version 12.00
# Visual Studio Version 17
VisualStudioVersion = 17.0.31912.275
MinimumVisualStudioVersion = 10.0.40219.1
Project("{9A19103F-16F7-4668-BE54-9A1E7A4F7556}") = "Api", "src/Api/Api.csproj", "{95E25C28-6CFB-4144-B613-71FFB3476706}"
EndProject
Project("{9A19103F-16F7-4668-BE54-9A1E7A4F7556}") = "Application", "src/Application/Application.csproj", "{1ED0133E-1F26-4288-B12E-64A7EC40871C}"
EndProject
Project("{9A19103F-16F7-4668-BE54-9A1E7A4F7556}") = "Domain", "src/Domain/Domain.csproj", "{6F77DB62-19B4-422A-BB8B-EC6BA845CEB7}"
EndProject
Project("{9A19103F-16F7-4668-BE54-9A1E7A4F7556}") = "Infrastructure", "src/Infrastructure/Infrastructure.csproj", "{CF60368F-17A7-465D-8FFD-2E06728C509F}"
EndProject
Project("{9A19103F-16F7-4668-BE54-9A1E7A4F7556}") = "Api.Tests", "tests/Api.Tests/Api.Tests.csproj", "{8A89FD89-EDF0-4E83-8348-36942555BF7F}"
EndProject
Global
  GlobalSection(SolutionConfigurationPlatforms) = preSolution
    Debug|Any CPU = Debug|Any CPU
    Release|Any CPU = Release|Any CPU
  EndGlobalSection
  GlobalSection(ProjectConfigurationPlatforms) = postSolution
    {95E25C28-6CFB-4144-B613-71FFB3476706}.Debug|Any CPU.ActiveCfg = Debug|Any CPU
    {95E25C28-6CFB-4144-B613-71FFB3476706}.Debug|Any CPU.Build.0 = Debug|Any CPU
    {95E25C28-6CFB-4144-B613-71FFB3476706}.Release|Any CPU.ActiveCfg = Release|Any CPU
    {95E25C28-6CFB-4144-B613-71FFB3476706}.Release|Any CPU.Build.0 = Release|Any CPU
    {1ED0133E-1F26-4288-B12E-64A7EC40871C}.Debug|Any CPU.ActiveCfg = Debug|Any CPU
    {1ED0133E-1F26-4288-B12E-64A7EC40871C}.Debug|Any CPU.Build.0 = Debug|Any CPU
    {1ED0133E-1F26-4288-B12E-64A7EC40871C}.Release|Any CPU.ActiveCfg = Release|Any CPU
    {1ED0133E-1F26-4288-B12E-64A7EC40871C}.Release|Any CPU.Build.0 = Release|Any CPU
    {6F77DB62-19B4-422A-BB8B-EC6BA845CEB7}.Debug|Any CPU.ActiveCfg = Debug|Any CPU
    {6F77DB62-19B4-422A-BB8B-EC6BA845CEB7}.Debug|Any CPU.Build.0 = Debug|Any CPU
    {6F77DB62-19B4-422A-BB8B-EC6BA845CEB7}.Release|Any CPU.ActiveCfg = Release|Any CPU
    {6F77DB62-19B4-422A-BB8B-EC6BA845CEB7}.Release|Any CPU.Build.0 = Release|Any CPU
    {CF60368F-17A7-465D-8FFD-2E06728C509F}.Debug|Any CPU.ActiveCfg = Debug|Any CPU
    {CF60368F-17A7-465D-8FFD-2E06728C509F}.Debug|Any CPU.Build.0 = Debug|Any CPU
    {CF60368F-17A7-465D-8FFD-2E06728C509F}.Release|Any CPU.ActiveCfg = Release|Any CPU
    {CF60368F-17A7-465D-8FFD-2E06728C509F}.Release|Any CPU.Build.0 = Release|Any CPU
    {8A89FD89-EDF0-4E83-8348-36942555BF7F}.Debug|Any CPU.ActiveCfg = Debug|Any CPU
    {8A89FD89-EDF0-4E83-8348-36942555BF7F}.Debug|Any CPU.Build.0 = Debug|Any CPU
    {8A89FD89-EDF0-4E83-8348-36942555BF7F}.Release|Any CPU.ActiveCfg = Release|Any CPU
    {8A89FD89-EDF0-4E83-8348-36942555BF7F}.Release|Any CPU.Build.0 = Release|Any CPU
  EndGlobalSection
EndGlobal
